
Microsoft Visual Studio Solution File, Format Version 12.00
# Visual Studio Version 17
VisualStudioVersion = 17.8.34408.163
MinimumVisualStudioVersion = 10.0.40219.1
Project("{8BC9CEB8-8B4A-11D0-8D11-00A0C91BC942}") = "MemControl", "MemControl\MemControl.vcxproj", "{04567979-819C-4BBC-A34E-C87046D84251}"
EndProject
Global
	GlobalSection(SolutionConfigurationPlatforms) = preSolution
		Debug|x64 = Debug|x64
		Debug|x86 = Debug|x86
		Release|x64 = Release|x64
		Release|x86 = Release|x86
	EndGlobalSection
	GlobalSection(ProjectConfigurationPlatforms) = postSolution
		{04567979-819C-4BBC-A34E-C87046D84251}.Debug|x64.ActiveCfg = Debug|x64
		{04567979-819C-4BBC-A34E-C87046D84251}.Debug|x64.Build.0 = Debug|x64
		{04567979-819C-4BBC-A34E-C87046D84251}.Debug|x86.ActiveCfg = Debug|Win32
		{04567979-819C-4BBC-A34E-C87046D84251}.Debug|x86.Build.0 = Debug|Win32
		{04567979-819C-4BBC-A34E-C87046D84251}.Release|x64.ActiveCfg = Release|x64
		{04567979-819C-4BBC-A34E-C87046D84251}.Release|x64.Build.0 = Release|x64
		{04567979-819C-4BBC-A34E-C87046D84251}.Release|x86.ActiveCfg = Release|Win32
		{04567979-819C-4BBC-A34E-C87046D84251}.Release|x86.Build.0 = Release|Win32
	EndGlobalSection
	GlobalSection(SolutionProperties) = preSolution
		HideSolutionNode = FALSE
	EndGlobalSection
	GlobalSection(ExtensibilityGlobals) = postSolution
		SolutionGuid = {E7B21F99-57D1-4194-AD0B-94F2BE8C0F93}
	EndGlobalSection
EndGlobal
